// !$*UTF8*$!
{
	archiveVersion = 1;
	classes = {
	};
	objectVersion = 50;
	objects = {

/* Begin PBXBuildFile section */
		5688AC3625F44EF800ACC072 /* ChessApp.swift in Sources */ = {isa = PBXBuildFile; fileRef = 5688AC3525F44EF800ACC072 /* ChessApp.swift */; };
		5688AC3825F44EF800ACC072 /* ContentView.swift in Sources */ = {isa = PBXBuildFile; fileRef = 5688AC3725F44EF800ACC072 /* ContentView.swift */; };
		5688AC3A25F44EFA00ACC072 /* Assets.xcassets in Resources */ = {isa = PBXBuildFile; fileRef = 5688AC3925F44EFA00ACC072 /* Assets.xcassets */; };
		5688AC3D25F44EFA00ACC072 /* Preview Assets.xcassets in Resources */ = {isa = PBXBuildFile; fileRef = 5688AC3C25F44EFA00ACC072 /* Preview Assets.xcassets */; };
		5688AC4725F4583E00ACC072 /* BoardSquare.swift in Sources */ = {isa = PBXBuildFile; fileRef = 5688AC4625F4583E00ACC072 /* BoardSquare.swift */; };
		5688AC4B25F45BF900ACC072 /* Piece.swift in Sources */ = {isa = PBXBuildFile; fileRef = 5688AC4A25F45BF900ACC072 /* Piece.swift */; };
/* End PBXBuildFile section */

/* Begin PBXFileReference section */
		5688AC3225F44EF800ACC072 /* Chess.app */ = {isa = PBXFileReference; explicitFileType = wrapper.application; includeInIndex = 0; path = Chess.app; sourceTree = BUILT_PRODUCTS_DIR; };
		5688AC3525F44EF800ACC072 /* ChessApp.swift */ = {isa = PBXFileReference; lastKnownFileType = sourcecode.swift; path = ChessApp.swift; sourceTree = "<group>"; };
		5688AC3725F44EF800ACC072 /* ContentView.swift */ = {isa = PBXFileReference; lastKnownFileType = sourcecode.swift; path = ContentView.swift; sourceTree = "<group>"; };
		5688AC3925F44EFA00ACC072 /* Assets.xcassets */ = {isa = PBXFileReference; lastKnownFileType = folder.assetcatalog; path = Assets.xcassets; sourceTree = "<group>"; };
		5688AC3C25F44EFA00ACC072 /* Preview Assets.xcassets */ = {isa = PBXFileReference; lastKnownFileType = folder.assetcatalog; path = "Preview Assets.xcassets"; sourceTree = "<group>"; };
		5688AC3E25F44EFA00ACC072 /* Info.plist */ = {isa = PBXFileReference; lastKnownFileType = text.plist.xml; path = Info.plist; sourceTree = "<group>"; };
		5688AC3F25F44EFA00ACC072 /* Chess.entitlements */ = {isa = PBXFileReference; lastKnownFileType = text.plist.entitlements; path = Chess.entitlements; sourceTree = "<group>"; };
		5688AC4625F4583E00ACC072 /* BoardSquare.swift */ = {isa = PBXFileReference; lastKnownFileType = sourcecode.swift; path = BoardSquare.swift; sourceTree = "<group>"; };
		5688AC4A25F45BF900ACC072 /* Piece.swift */ = {isa = PBXFileReference; lastKnownFileType = sourcecode.swift; path = Piece.swift; sourceTree = "<group>"; };
/* End PBXFileReference section */

/* Begin PBXFrameworksBuildPhase section */
		5688AC2F25F44EF800ACC072 /* Frameworks */ = {
			isa = PBXFrameworksBuildPhase;
			buildActionMask = 2147483647;
			files = (
			);
			runOnlyForDeploymentPostprocessing = 0;
		};
/* End PBXFrameworksBuildPhase section */

/* Begin PBXGroup section */
		5688AC2925F44EF800ACC072 = {
			isa = PBXGroup;
			children = (
				5688AC3425F44EF800ACC072 /* Chess */,
				5688AC3325F44EF800ACC072 /* Products */,
			);
			sourceTree = "<group>";
		};
		5688AC3325F44EF800ACC072 /* Products */ = {
			isa = PBXGroup;
			children = (
				5688AC3225F44EF800ACC072 /* Chess.app */,
			);
			name = Products;
			sourceTree = "<group>";
		};
		5688AC3425F44EF800ACC072 /* Chess */ = {
			isa = PBXGroup;
			children = (
				5688AC4925F45BDE00ACC072 /* Classes */,
				5688AC3525F44EF800ACC072 /* ChessApp.swift */,
				5688AC3725F44EF800ACC072 /* ContentView.swift */,
				5688AC4625F4583E00ACC072 /* BoardSquare.swift */,
				5688AC3925F44EFA00ACC072 /* Assets.xcassets */,
				5688AC3E25F44EFA00ACC072 /* Info.plist */,
				5688AC3F25F44EFA00ACC072 /* Chess.entitlements */,
				5688AC3B25F44EFA00ACC072 /* Preview Content */,
			);
			path = Chess;
			sourceTree = "<group>";
		};
		5688AC3B25F44EFA00ACC072 /* Preview Content */ = {
			isa = PBXGroup;
			children = (
				5688AC3C25F44EFA00ACC072 /* Preview Assets.xcassets */,
			);
			path = "Preview Content";
			sourceTree = "<group>";
		};
		5688AC4925F45BDE00ACC072 /* Classes */ = {
			isa = PBXGroup;
			children = (
				5688AC4A25F45BF900ACC072 /* Piece.swift */,
			);
			path = Classes;
			sourceTree = "<group>";
		};
/* End PBXGroup section */

/* Begin PBXNativeTarget section */
		5688AC3125F44EF800ACC072 /* Chess */ = {
			isa = PBXNativeTarget;
			buildConfigurationList = 5688AC4225F44EFA00ACC072 /* Build configuration list for PBXNativeTarget "Chess" */;
			buildPhases = (
				5688AC2E25F44EF800ACC072 /* Sources */,
				5688AC2F25F44EF800ACC072 /* Frameworks */,
				5688AC3025F44EF800ACC072 /* Resources */,
			);
			buildRules = (
			);
			dependencies = (
			);
			name = Chess;
			productName = Chess;
			productReference = 5688AC3225F44EF800ACC072 /* Chess.app */;
			productType = "com.apple.product-type.application";
		};
/* End PBXNativeTarget section */

/* Begin PBXProject section */
		5688AC2A25F44EF800ACC072 /* Project object */ = {
			isa = PBXProject;
			attributes = {
				LastSwiftUpdateCheck = 1240;
				LastUpgradeCheck = 1240;
				TargetAttributes = {
					5688AC3125F44EF800ACC072 = {
						CreatedOnToolsVersion = 12.4;
					};
				};
			};
			buildConfigurationList = 5688AC2D25F44EF800ACC072 /* Build configuration list for PBXProject "Chess" */;
			compatibilityVersion = "Xcode 9.3";
			developmentRegion = en;
			hasScannedForEncodings = 0;
			knownRegions = (
				en,
				Base,
			);
			mainGroup = 5688AC2925F44EF800ACC072;
			productRefGroup = 5688AC3325F44EF800ACC072 /* Products */;
			projectDirPath = "";
			projectRoot = "";
			targets = (
				5688AC3125F44EF800ACC072 /* Chess */,
			);
		};
/* End PBXProject section */

/* Begin PBXResourcesBuildPhase section */
		5688AC3025F44EF800ACC072 /* Resources */ = {
			isa = PBXResourcesBuildPhase;
			buildActionMask = 2147483647;
			files = (
				5688AC3D25F44EFA00ACC072 /* Preview Assets.xcassets in Resources */,
				5688AC3A25F44EFA00ACC072 /* Assets.xcassets in Resources */,
			);
			runOnlyForDeploymentPostprocessing = 0;
		};
/* End PBXResourcesBuildPhase section */

/* Begin PBXSourcesBuildPhase section */
		5688AC2E25F44EF800ACC072 /* Sources */ = {
			isa = PBXSourcesBuildPhase;
			buildActionMask = 2147483647;
			files = (
				5688AC4B25F45BF900ACC072 /* Piece.swift in Sources */,
				5688AC4725F4583E00ACC072 /* BoardSquare.swift in Sources */,
				5688AC3825F44EF800ACC072 /* ContentView.swift in Sources */,
				5688AC3625F44EF800ACC072 /* ChessApp.swift in Sources */,
			);
			runOnlyForDeploymentPostprocessing = 0;
		};
/* End PBXSourcesBuildPhase section */

/* Begin XCBuildConfiguration section */
		5688AC4025F44EFA00ACC072 /* Debug */ = {
			isa = XCBuildConfiguration;
			buildSettings = {
				ALWAYS_SEARCH_USER_PATHS = NO;
				CLANG_ANALYZER_NONNULL = YES;
				CLANG_ANALYZER_NUMBER_OBJECT_CONVERSION = YES_AGGRESSIVE;
				CLANG_CXX_LANGUAGE_STANDARD = "gnu++14";
				CLANG_CXX_LIBRARY = "libc++";
				CLANG_ENABLE_MODULES = YES;
				CLANG_ENABLE_OBJC_ARC = YES;
				CLANG_ENABLE_OBJC_WEAK = YES;
				CLANG_WARN_BLOCK_CAPTURE_AUTORELEASING = YES;
				CLANG_WARN_BOOL_CONVERSION = YES;
				CLANG_WARN_COMMA = YES;
				CLANG_WARN_CONSTANT_CONVERSION = YES;
				CLANG_WARN_DEPRECATED_OBJC_IMPLEMENTATIONS = YES;
				CLANG_WARN_DIRECT_OBJC_ISA_USAGE = YES_ERROR;
				CLANG_WARN_DOCUMENTATION_COMMENTS = YES;
				CLANG_WARN_EMPTY_BODY = YES;
				CLANG_WARN_ENUM_CONVERSION = YES;
				CLANG_WARN_INFINITE_RECURSION = YES;
				CLANG_WARN_INT_CONVERSION = YES;
				CLANG_WARN_NON_LITERAL_NULL_CONVERSION = YES;
				CLANG_WARN_OBJC_IMPLICIT_RETAIN_SELF = YES;
				CLANG_WARN_OBJC_LITERAL_CONVERSION = YES;
				CLANG_WARN_OBJC_ROOT_CLASS = YES_ERROR;
				CLANG_WARN_QUOTED_INCLUDE_IN_FRAMEWORK_HEADER = YES;
				CLANG_WARN_RANGE_LOOP_ANALYSIS = YES;
				CLANG_WARN_STRICT_PROTOTYPES = YES;
				CLANG_WARN_SUSPICIOUS_MOVE = YES;
				CLANG_WARN_UNGUARDED_AVAILABILITY = YES_AGGRESSIVE;
				CLANG_WARN_UNREACHABLE_CODE = YES;
				CLANG_WARN__DUPLICATE_METHOD_MATCH = YES;
				COPY_PHASE_STRIP = NO;
				DEBUG_INFORMATION_FORMAT = dwarf;
				ENABLE_STRICT_OBJC_MSGSEND = YES;
				ENABLE_TESTABILITY = YES;
				GCC_C_LANGUAGE_STANDARD = gnu11;
				GCC_DYNAMIC_NO_PIC = NO;
				GCC_NO_COMMON_BLOCKS = YES;
				GCC_OPTIMIZATION_LEVEL = 0;
				GCC_PREPROCESSOR_DEFINITIONS = (
					"DEBUG=1",
					"$(inherited)",
				);
				GCC_WARN_64_TO_32_BIT_CONVERSION = YES;
				GCC_WARN_ABOUT_RETURN_TYPE = YES_ERROR;
				GCC_WARN_UNDECLARED_SELECTOR = YES;
				GCC_WARN_UNINITIALIZED_AUTOS = YES_AGGRESSIVE;
				GCC_WARN_UNUSED_FUNCTION = YES;
				GCC_WARN_UNUSED_VARIABLE = YES;
				MACOSX_DEPLOYMENT_TARGET = 11.1;
				MTL_ENABLE_DEBUG_INFO = INCLUDE_SOURCE;
				MTL_FAST_MATH = YES;
				ONLY_ACTIVE_ARCH = YES;
				SDKROOT = macosx;
				SWIFT_ACTIVE_COMPILATION_CONDITIONS = DEBUG;
				SWIFT_OPTIMIZATION_LEVEL = "-Onone";
			};
			name = Debug;
		};
		5688AC4125F44EFA00ACC072 /* Release */ = {
			isa = XCBuildConfiguration;
			buildSettings = {
				ALWAYS_SEARCH_USER_PATHS = NO;
				CLANG_ANALYZER_NONNULL = YES;
				CLANG_ANALYZER_NUMBER_OBJECT_CONVERSION = YES_AGGRESSIVE;
				CLANG_CXX_LANGUAGE_STANDARD = "gnu++14";
				CLANG_CXX_LIBRARY = "libc++";
				CLANG_ENABLE_MODULES = YES;
				CLANG_ENABLE_OBJC_ARC = YES;
				CLANG_ENABLE_OBJC_WEAK = YES;
				CLANG_WARN_BLOCK_CAPTURE_AUTORELEASING = YES;
				CLANG_WARN_BOOL_CONVERSION = YES;
				CLANG_WARN_COMMA = YES;
				CLANG_WARN_CONSTANT_CONVERSION = YES;
				CLANG_WARN_DEPRECATED_OBJC_IMPLEMENTATIONS = YES;
				CLANG_WARN_DIRECT_OBJC_ISA_USAGE = YES_ERROR;
				CLANG_WARN_DOCUMENTATION_COMMENTS = YES;
				CLANG_WARN_EMPTY_BODY = YES;
				CLANG_WARN_ENUM_CONVERSION = YES;
				CLANG_WARN_INFINITE_RECURSION = YES;
				CLANG_WARN_INT_CONVERSION = YES;
				CLANG_WARN_NON_LITERAL_NULL_CONVERSION = YES;
				CLANG_WARN_OBJC_IMPLICIT_RETAIN_SELF = YES;
				CLANG_WARN_OBJC_LITERAL_CONVERSION = YES;
				CLANG_WARN_OBJC_ROOT_CLASS = YES_ERROR;
				CLANG_WARN_QUOTED_INCLUDE_IN_FRAMEWORK_HEADER = YES;
				CLANG_WARN_RANGE_LOOP_ANALYSIS = YES;
				CLANG_WARN_STRICT_PROTOTYPES = YES;
				CLANG_WARN_SUSPICIOUS_MOVE = YES;
				CLANG_WARN_UNGUARDED_AVAILABILITY = YES_AGGRESSIVE;
				CLANG_WARN_UNREACHABLE_CODE = YES;
				CLANG_WARN__DUPLICATE_METHOD_MATCH = YES;
				COPY_PHASE_STRIP = NO;
				DEBUG_INFORMATION_FORMAT = "dwarf-with-dsym";
				ENABLE_NS_ASSERTIONS = NO;
				ENABLE_STRICT_OBJC_MSGSEND = YES;
				GCC_C_LANGUAGE_STANDARD = gnu11;
				GCC_NO_COMMON_BLOCKS = YES;
				GCC_WARN_64_TO_32_BIT_CONVERSION = YES;
				GCC_WARN_ABOUT_RETURN_TYPE = YES_ERROR;
				GCC_WARN_UNDECLARED_SELECTOR = YES;
				GCC_WARN_UNINITIALIZED_AUTOS = YES_AGGRESSIVE;
				GCC_WARN_UNUSED_FUNCTION = YES;
				GCC_WARN_UNUSED_VARIABLE = YES;
				MACOSX_DEPLOYMENT_TARGET = 11.1;
				MTL_ENABLE_DEBUG_INFO = NO;
				MTL_FAST_MATH = YES;
				SDKROOT = macosx;
				SWIFT_COMPILATION_MODE = wholemodule;
				SWIFT_OPTIMIZATION_LEVEL = "-O";
			};
			name = Release;
		};
		5688AC4325F44EFA00ACC072 /* Debug */ = {
			isa = XCBuildConfiguration;
			buildSettings = {
				ASSETCATALOG_COMPILER_APPICON_NAME = AppIcon;
				ASSETCATALOG_COMPILER_GLOBAL_ACCENT_COLOR_NAME = AccentColor;
				CODE_SIGN_ENTITLEMENTS = Chess/Chess.entitlements;
				CODE_SIGN_STYLE = Automatic;
				COMBINE_HIDPI_IMAGES = YES;
				DEVELOPMENT_ASSET_PATHS = "\"Chess/Preview Content\"";
				DEVELOPMENT_TEAM = PT9B8G26Q8;
				ENABLE_HARDENED_RUNTIME = YES;
				ENABLE_PREVIEWS = YES;
				INFOPLIST_FILE = Chess/Info.plist;
				LD_RUNPATH_SEARCH_PATHS = (
					"$(inherited)",
					"@executable_path/../Frameworks",
				);
				MACOSX_DEPLOYMENT_TARGET = 11.0;
				PRODUCT_BUNDLE_IDENTIFIER = Racheik.Chess;
				PRODUCT_NAME = "$(TARGET_NAME)";
				SWIFT_VERSION = 5.0;
			};
			name = Debug;
		};
		5688AC4425F44EFA00ACC072 /* Release */ = {
			isa = XCBuildConfiguration;
			buildSettings = {
				ASSETCATALOG_COMPILER_APPICON_NAME = AppIcon;
				ASSETCATALOG_COMPILER_GLOBAL_ACCENT_COLOR_NAME = AccentColor;
				CODE_SIGN_ENTITLEMENTS = Chess/Chess.entitlements;
				CODE_SIGN_STYLE = Automatic;
				COMBINE_HIDPI_IMAGES = YES;
				DEVELOPMENT_ASSET_PATHS = "\"Chess/Preview Content\"";
				DEVELOPMENT_TEAM = PT9B8G26Q8;
				ENABLE_HARDENED_RUNTIME = YES;
				ENABLE_PREVIEWS = YES;
				INFOPLIST_FILE = Chess/Info.plist;
				LD_RUNPATH_SEARCH_PATHS = (
					"$(inherited)",
					"@executable_path/../Frameworks",
				);
				MACOSX_DEPLOYMENT_TARGET = 11.0;
				PRODUCT_BUNDLE_IDENTIFIER = Racheik.Chess;
				PRODUCT_NAME = "$(TARGET_NAME)";
				SWIFT_VERSION = 5.0;
			};
			name = Release;
		};
/* End XCBuildConfiguration section */

/* Begin XCConfigurationList section */
		5688AC2D25F44EF800ACC072 /* Build configuration list for PBXProject "Chess" */ = {
			isa = XCConfigurationList;
			buildConfigurations = (
				5688AC4025F44EFA00ACC072 /* Debug */,
				5688AC4125F44EFA00ACC072 /* Release */,
			);
			defaultConfigurationIsVisible = 0;
			defaultConfigurationName = Release;
		};
		5688AC4225F44EFA00ACC072 /* Build configuration list for PBXNativeTarget "Chess" */ = {
			isa = XCConfigurationList;
			buildConfigurations = (
				5688AC4325F44EFA00ACC072 /* Debug */,
				5688AC4425F44EFA00ACC072 /* Release */,
			);
			defaultConfigurationIsVisible = 0;
			defaultConfigurationName = Release;
		};
/* End XCConfigurationList section */
	};
	rootObject = 5688AC2A25F44EF800ACC072 /* Project object */;
}
